
Microsoft Visual Studio Solution File, Format Version 12.00
# Visual Studio Version 16
VisualStudioVersion = 16.0.29503.13
MinimumVisualStudioVersion = 10.0.40219.1
Project("{FAE04EC0-301F-11D3-BF4B-00C04F79EFBC}") = "Document_API", "Document_API.csproj", "{81440FD4-BCB9-4C9F-A067-D3900883FBEE}"
EndProject
Global
	GlobalSection(SolutionConfigurationPlatforms) = preSolution
		Debug|Any CPU = Debug|Any CPU
		Release|Any CPU = Release|Any CPU
	EndGlobalSection
	GlobalSection(ProjectConfigurationPlatforms) = postSolution
		{81440FD4-BCB9-4C9F-A067-D3900883FBEE}.Debug|Any CPU.ActiveCfg = Debug|Any CPU
		{81440FD4-BCB9-4C9F-A067-D3900883FBEE}.Debug|Any CPU.Build.0 = Debug|Any CPU
		{81440FD4-BCB9-4C9F-A067-D3900883FBEE}.Release|Any CPU.ActiveCfg = Release|Any CPU
		{81440FD4-BCB9-4C9F-A067-D3900883FBEE}.Release|Any CPU.Build.0 = Release|Any CPU
	EndGlobalSection
	GlobalSection(SolutionProperties) = preSolution
		HideSolutionNode = FALSE
	EndGlobalSection
	GlobalSection(ExtensibilityGlobals) = postSolution
		SolutionGuid = {CE2F44AB-C0B5-4506-9248-37046A85ACCD}
	EndGlobalSection
EndGlobal
